
Microsoft Visual Studio Solution File, Format Version 12.00
# Visual Studio Version 17
VisualStudioVersion = 17.11.35312.102
MinimumVisualStudioVersion = 10.0.40219.1
Project("{FAE04EC0-301F-11D3-BF4B-00C04F79EFBC}") = "practice 6", "practice 6\practice 6.csproj", "{8CD71FCD-9857-4E54-8908-8CAE8282C37B}"
EndProject
Global
	GlobalSection(SolutionConfigurationPlatforms) = preSolution
		Debug|Any CPU = Debug|Any CPU
		Release|Any CPU = Release|Any CPU
	EndGlobalSection
	GlobalSection(ProjectConfigurationPlatforms) = postSolution
		{8CD71FCD-9857-4E54-8908-8CAE8282C37B}.Debug|Any CPU.ActiveCfg = Debug|Any CPU
		{8CD71FCD-9857-4E54-8908-8CAE8282C37B}.Debug|Any CPU.Build.0 = Debug|Any CPU
		{8CD71FCD-9857-4E54-8908-8CAE8282C37B}.Release|Any CPU.ActiveCfg = Release|Any CPU
		{8CD71FCD-9857-4E54-8908-8CAE8282C37B}.Release|Any CPU.Build.0 = Release|Any CPU
	EndGlobalSection
	GlobalSection(SolutionProperties) = preSolution
		HideSolutionNode = FALSE
	EndGlobalSection
	GlobalSection(ExtensibilityGlobals) = postSolution
		SolutionGuid = {D53CEC16-FDB9-4AF7-A9B5-46CFBA83F1A7}
	EndGlobalSection
EndGlobal
